
Microsoft Visual Studio Solution File, Format Version 12.00
Project("{FAE04EC0-301F-11D3-BF4B-00C04F79EFBC}") = "Pastebin.Api", "backend\Pastebin.Api\Pastebin.Api.csproj", "{A284ED3E-A1ED-43C1-8907-A2D2D026C1C4}"
EndProject
Project("{2150E333-8FDC-42A3-9474-1A3956D46DE8}") = "Solution Items", "Solution Items", "{FA7B8B07-9A40-4C7A-AAA3-6C6C9DCCFACA}"
	ProjectSection(SolutionItems) = preProject
		docker-compose.yml = docker-compose.yml
	EndProjectSection
EndProject
Project("{2150E333-8FDC-42A3-9474-1A3956D46DE8}") = "backend", "backend", "{1F162417-4C97-476F-84C3-1A39F971333C}"
EndProject
Global
	GlobalSection(SolutionConfigurationPlatforms) = preSolution
		Debug|Any CPU = Debug|Any CPU
		Release|Any CPU = Release|Any CPU
	EndGlobalSection
	GlobalSection(ProjectConfigurationPlatforms) = postSolution
		{A284ED3E-A1ED-43C1-8907-A2D2D026C1C4}.Debug|Any CPU.ActiveCfg = Debug|Any CPU
		{A284ED3E-A1ED-43C1-8907-A2D2D026C1C4}.Debug|Any CPU.Build.0 = Debug|Any CPU
		{A284ED3E-A1ED-43C1-8907-A2D2D026C1C4}.Release|Any CPU.ActiveCfg = Release|Any CPU
		{A284ED3E-A1ED-43C1-8907-A2D2D026C1C4}.Release|Any CPU.Build.0 = Release|Any CPU
	EndGlobalSection
	GlobalSection(NestedProjects) = preSolution
		{A284ED3E-A1ED-43C1-8907-A2D2D026C1C4} = {1F162417-4C97-476F-84C3-1A39F971333C}
	EndGlobalSection
EndGlobal
